
Microsoft Visual Studio Solution File, Format Version 12.00
# Visual Studio Version 17
VisualStudioVersion = 17.2.32526.322
MinimumVisualStudioVersion = 10.0.40219.1
Project("{FAE04EC0-301F-11D3-BF4B-00C04F79EFBC}") = "Arreglos", "Arreglos\Arreglos.csproj", "{4B332A2D-3050-4996-9B6A-ED56C44DB7B9}"
EndProject
Global
	GlobalSection(SolutionConfigurationPlatforms) = preSolution
		Debug|Any CPU = Debug|Any CPU
		Release|Any CPU = Release|Any CPU
	EndGlobalSection
	GlobalSection(ProjectConfigurationPlatforms) = postSolution
		{4B332A2D-3050-4996-9B6A-ED56C44DB7B9}.Debug|Any CPU.ActiveCfg = Debug|Any CPU
		{4B332A2D-3050-4996-9B6A-ED56C44DB7B9}.Debug|Any CPU.Build.0 = Debug|Any CPU
		{4B332A2D-3050-4996-9B6A-ED56C44DB7B9}.Release|Any CPU.ActiveCfg = Release|Any CPU
		{4B332A2D-3050-4996-9B6A-ED56C44DB7B9}.Release|Any CPU.Build.0 = Release|Any CPU
	EndGlobalSection
	GlobalSection(SolutionProperties) = preSolution
		HideSolutionNode = FALSE
	EndGlobalSection
	GlobalSection(ExtensibilityGlobals) = postSolution
		SolutionGuid = {6BC54736-D17C-488F-AC82-FECBF2302206}
	EndGlobalSection
EndGlobal
